# This file is autogenerated, do not edit; changes may be undone by the next 'dep ensure'.


[[projects]]
  name = "mcquay.me/cs"
  packages = ["."]
  revision = "627bb5a7be332219dd58ae997660341c4dfb2146"
  version = "v1.0.0"

[[projects]]
  name = "mcquay.me/servedir"
  packages = ["."]
  revision = "937abcdd120f2dc625d6a7a52479c89a68e51378"
  version = "v1.0.0"

[solve-meta]
  analyzer-name = "dep"
  analyzer-version = 1
  inputs-digest = "993c687795c680c12ada0e14f7f5cee4cd0a71beb9e3d825c0fce86f88f3aa12"
  solver-name = "gps-cdcl"
  solver-version = 1
